
Microsoft Visual Studio Solution File, Format Version 12.00
# Visual Studio Version 17
VisualStudioVersion = 17.0.31903.59
MinimumVisualStudioVersion = 10.0.40219.1
Project("{2150E333-8FDC-42A3-9474-1A3956D46DE8}") = "src", "src", "{827E0CD3-B72D-47B6-A68D-7590B98EB39B}"
EndProject
Project("{FAE04EC0-301F-11D3-BF4B-00C04F79EFBC}") = "ImmoPilot.Domain", "src\ImmoPilot.Domain\ImmoPilot.Domain.csproj", "{606BD076-6A00-46B6-A0A6-A31FCC6A61A3}"
EndProject
Project("{FAE04EC0-301F-11D3-BF4B-00C04F79EFBC}") = "ImmoPilot.Application", "src\ImmoPilot.Application\ImmoPilot.Application.csproj", "{63E26B09-AA66-46C6-8ADC-CE7187A23FC8}"
EndProject
Project("{FAE04EC0-301F-11D3-BF4B-00C04F79EFBC}") = "ImmoPilot.Infrastructure", "src\ImmoPilot.Infrastructure\ImmoPilot.Infrastructure.csproj", "{70384BDB-3C76-43BE-BEFB-AC8FDD7B7BFB}"
EndProject
Project("{FAE04EC0-301F-11D3-BF4B-00C04F79EFBC}") = "ImmoPilot.Console", "src\ImmoPilot.Console\ImmoPilot.Console.csproj", "{5FA9F984-345F-4646-8C1B-9DD4DB10FC5D}"
EndProject
Project("{2150E333-8FDC-42A3-9474-1A3956D46DE8}") = "tests", "tests", "{0AB3BF05-4346-4AA6-1389-037BE0695223}"
EndProject
Project("{FAE04EC0-301F-11D3-BF4B-00C04F79EFBC}") = "ImmoPilot.Domain.Tests", "tests\ImmoPilot.Domain.Tests\ImmoPilot.Domain.Tests.csproj", "{6A638B85-BAD0-4A7F-BF8E-69C5C304105A}"
EndProject
Project("{FAE04EC0-301F-11D3-BF4B-00C04F79EFBC}") = "ImmoPilot.Application.Tests", "tests\ImmoPilot.Application.Tests\ImmoPilot.Application.Tests.csproj", "{A27CC0DF-640D-472C-94F5-AB90D18D2754}"
EndProject
Project("{FAE04EC0-301F-11D3-BF4B-00C04F79EFBC}") = "ImmoPilot.BDD.Tests", "tests\ImmoPilot.BDD.Tests\ImmoPilot.BDD.Tests.csproj", "{8D511EA5-3D73-48EE-8FDA-E0DCEB135282}"
EndProject
Global
	GlobalSection(SolutionConfigurationPlatforms) = preSolution
		Debug|Any CPU = Debug|Any CPU
		Debug|x64 = Debug|x64
		Debug|x86 = Debug|x86
		Release|Any CPU = Release|Any CPU
		Release|x64 = Release|x64
		Release|x86 = Release|x86
	EndGlobalSection
	GlobalSection(ProjectConfigurationPlatforms) = postSolution
		{606BD076-6A00-46B6-A0A6-A31FCC6A61A3}.Debug|Any CPU.ActiveCfg = Debug|Any CPU
		{606BD076-6A00-46B6-A0A6-A31FCC6A61A3}.Debug|Any CPU.Build.0 = Debug|Any CPU
		{606BD076-6A00-46B6-A0A6-A31FCC6A61A3}.Debug|x64.ActiveCfg = Debug|Any CPU
		{606BD076-6A00-46B6-A0A6-A31FCC6A61A3}.Debug|x64.Build.0 = Debug|Any CPU
		{606BD076-6A00-46B6-A0A6-A31FCC6A61A3}.Debug|x86.ActiveCfg = Debug|Any CPU
		{606BD076-6A00-46B6-A0A6-A31FCC6A61A3}.Debug|x86.Build.0 = Debug|Any CPU
		{606BD076-6A00-46B6-A0A6-A31FCC6A61A3}.Release|Any CPU.ActiveCfg = Release|Any CPU
		{606BD076-6A00-46B6-A0A6-A31FCC6A61A3}.Release|Any CPU.Build.0 = Release|Any CPU
		{606BD076-6A00-46B6-A0A6-A31FCC6A61A3}.Release|x64.ActiveCfg = Release|Any CPU
		{606BD076-6A00-46B6-A0A6-A31FCC6A61A3}.Release|x64.Build.0 = Release|Any CPU
		{606BD076-6A00-46B6-A0A6-A31FCC6A61A3}.Release|x86.ActiveCfg = Release|Any CPU
		{606BD076-6A00-46B6-A0A6-A31FCC6A61A3}.Release|x86.Build.0 = Release|Any CPU
		{63E26B09-AA66-46C6-8ADC-CE7187A23FC8}.Debug|Any CPU.ActiveCfg = Debug|Any CPU
		{63E26B09-AA66-46C6-8ADC-CE7187A23FC8}.Debug|Any CPU.Build.0 = Debug|Any CPU
		{63E26B09-AA66-46C6-8ADC-CE7187A23FC8}.Debug|x64.ActiveCfg = Debug|Any CPU
		{63E26B09-AA66-46C6-8ADC-CE7187A23FC8}.Debug|x64.Build.0 = Debug|Any CPU
		{63E26B09-AA66-46C6-8ADC-CE7187A23FC8}.Debug|x86.ActiveCfg = Debug|Any CPU
		{63E26B09-AA66-46C6-8ADC-CE7187A23FC8}.Debug|x86.Build.0 = Debug|Any CPU
		{63E26B09-AA66-46C6-8ADC-CE7187A23FC8}.Release|Any CPU.ActiveCfg = Release|Any CPU
		{63E26B09-AA66-46C6-8ADC-CE7187A23FC8}.Release|Any CPU.Build.0 = Release|Any CPU
		{63E26B09-AA66-46C6-8ADC-CE7187A23FC8}.Release|x64.ActiveCfg = Release|Any CPU
		{63E26B09-AA66-46C6-8ADC-CE7187A23FC8}.Release|x64.Build.0 = Release|Any CPU
		{63E26B09-AA66-46C6-8ADC-CE7187A23FC8}.Release|x86.ActiveCfg = Release|Any CPU
		{63E26B09-AA66-46C6-8ADC-CE7187A23FC8}.Release|x86.Build.0 = Release|Any CPU
		{70384BDB-3C76-43BE-BEFB-AC8FDD7B7BFB}.Debug|Any CPU.ActiveCfg = Debug|Any CPU
		{70384BDB-3C76-43BE-BEFB-AC8FDD7B7BFB}.Debug|Any CPU.Build.0 = Debug|Any CPU
		{70384BDB-3C76-43BE-BEFB-AC8FDD7B7BFB}.Debug|x64.ActiveCfg = Debug|Any CPU
		{70384BDB-3C76-43BE-BEFB-AC8FDD7B7BFB}.Debug|x64.Build.0 = Debug|Any CPU
		{70384BDB-3C76-43BE-BEFB-AC8FDD7B7BFB}.Debug|x86.ActiveCfg = Debug|Any CPU
		{70384BDB-3C76-43BE-BEFB-AC8FDD7B7BFB}.Debug|x86.Build.0 = Debug|Any CPU
		{70384BDB-3C76-43BE-BEFB-AC8FDD7B7BFB}.Release|Any CPU.ActiveCfg = Release|Any CPU
		{70384BDB-3C76-43BE-BEFB-AC8FDD7B7BFB}.Release|Any CPU.Build.0 = Release|Any CPU
		{70384BDB-3C76-43BE-BEFB-AC8FDD7B7BFB}.Release|x64.ActiveCfg = Release|Any CPU
		{70384BDB-3C76-43BE-BEFB-AC8FDD7B7BFB}.Release|x64.Build.0 = Release|Any CPU
		{70384BDB-3C76-43BE-BEFB-AC8FDD7B7BFB}.Release|x86.ActiveCfg = Release|Any CPU
		{70384BDB-3C76-43BE-BEFB-AC8FDD7B7BFB}.Release|x86.Build.0 = Release|Any CPU
		{5FA9F984-345F-4646-8C1B-9DD4DB10FC5D}.Debug|Any CPU.ActiveCfg = Debug|Any CPU
		{5FA9F984-345F-4646-8C1B-9DD4DB10FC5D}.Debug|Any CPU.Build.0 = Debug|Any CPU
		{5FA9F984-345F-4646-8C1B-9DD4DB10FC5D}.Debug|x64.ActiveCfg = Debug|Any CPU
		{5FA9F984-345F-4646-8C1B-9DD4DB10FC5D}.Debug|x64.Build.0 = Debug|Any CPU
		{5FA9F984-345F-4646-8C1B-9DD4DB10FC5D}.Debug|x86.ActiveCfg = Debug|Any CPU
		{5FA9F984-345F-4646-8C1B-9DD4DB10FC5D}.Debug|x86.Build.0 = Debug|Any CPU
		{5FA9F984-345F-4646-8C1B-9DD4DB10FC5D}.Release|Any CPU.ActiveCfg = Release|Any CPU
		{5FA9F984-345F-4646-8C1B-9DD4DB10FC5D}.Release|Any CPU.Build.0 = Release|Any CPU
		{5FA9F984-345F-4646-8C1B-9DD4DB10FC5D}.Release|x64.ActiveCfg = Release|Any CPU
		{5FA9F984-345F-4646-8C1B-9DD4DB10FC5D}.Release|x64.Build.0 = Release|Any CPU
		{5FA9F984-345F-4646-8C1B-9DD4DB10FC5D}.Release|x86.ActiveCfg = Release|Any CPU
		{5FA9F984-345F-4646-8C1B-9DD4DB10FC5D}.Release|x86.Build.0 = Release|Any CPU
		{6A638B85-BAD0-4A7F-BF8E-69C5C304105A}.Debug|Any CPU.ActiveCfg = Debug|Any CPU
		{6A638B85-BAD0-4A7F-BF8E-69C5C304105A}.Debug|Any CPU.Build.0 = Debug|Any CPU
		{6A638B85-BAD0-4A7F-BF8E-69C5C304105A}.Debug|x64.ActiveCfg = Debug|Any CPU
		{6A638B85-BAD0-4A7F-BF8E-69C5C304105A}.Debug|x64.Build.0 = Debug|Any CPU
		{6A638B85-BAD0-4A7F-BF8E-69C5C304105A}.Debug|x86.ActiveCfg = Debug|Any CPU
		{6A638B85-BAD0-4A7F-BF8E-69C5C304105A}.Debug|x86.Build.0 = Debug|Any CPU
		{6A638B85-BAD0-4A7F-BF8E-69C5C304105A}.Release|Any CPU.ActiveCfg = Release|Any CPU
		{6A638B85-BAD0-4A7F-BF8E-69C5C304105A}.Release|Any CPU.Build.0 = Release|Any CPU
		{6A638B85-BAD0-4A7F-BF8E-69C5C304105A}.Release|x64.ActiveCfg = Release|Any CPU
		{6A638B85-BAD0-4A7F-BF8E-69C5C304105A}.Release|x64.Build.0 = Release|Any CPU
		{6A638B85-BAD0-4A7F-BF8E-69C5C304105A}.Release|x86.ActiveCfg = Release|Any CPU
		{6A638B85-BAD0-4A7F-BF8E-69C5C304105A}.Release|x86.Build.0 = Release|Any CPU
		{A27CC0DF-640D-472C-94F5-AB90D18D2754}.Debug|Any CPU.ActiveCfg = Debug|Any CPU
		{A27CC0DF-640D-472C-94F5-AB90D18D2754}.Debug|Any CPU.Build.0 = Debug|Any CPU
		{A27CC0DF-640D-472C-94F5-AB90D18D2754}.Debug|x64.ActiveCfg = Debug|Any CPU
		{A27CC0DF-640D-472C-94F5-AB90D18D2754}.Debug|x64.Build.0 = Debug|Any CPU
		{A27CC0DF-640D-472C-94F5-AB90D18D2754}.Debug|x86.ActiveCfg = Debug|Any CPU
		{A27CC0DF-640D-472C-94F5-AB90D18D2754}.Debug|x86.Build.0 = Debug|Any CPU
		{A27CC0DF-640D-472C-94F5-AB90D18D2754}.Release|Any CPU.ActiveCfg = Release|Any CPU
		{A27CC0DF-640D-472C-94F5-AB90D18D2754}.Release|Any CPU.Build.0 = Release|Any CPU
		{A27CC0DF-640D-472C-94F5-AB90D18D2754}.Release|x64.ActiveCfg = Release|Any CPU
		{A27CC0DF-640D-472C-94F5-AB90D18D2754}.Release|x64.Build.0 = Release|Any CPU
		{A27CC0DF-640D-472C-94F5-AB90D18D2754}.Release|x86.ActiveCfg = Release|Any CPU
		{A27CC0DF-640D-472C-94F5-AB90D18D2754}.Release|x86.Build.0 = Release|Any CPU
		{8D511EA5-3D73-48EE-8FDA-E0DCEB135282}.Debug|Any CPU.ActiveCfg = Debug|Any CPU
		{8D511EA5-3D73-48EE-8FDA-E0DCEB135282}.Debug|Any CPU.Build.0 = Debug|Any CPU
		{8D511EA5-3D73-48EE-8FDA-E0DCEB135282}.Debug|x64.ActiveCfg = Debug|Any CPU
		{8D511EA5-3D73-48EE-8FDA-E0DCEB135282}.Debug|x64.Build.0 = Debug|Any CPU
		{8D511EA5-3D73-48EE-8FDA-E0DCEB135282}.Debug|x86.ActiveCfg = Debug|Any CPU
		{8D511EA5-3D73-48EE-8FDA-E0DCEB135282}.Debug|x86.Build.0 = Debug|Any CPU
		{8D511EA5-3D73-48EE-8FDA-E0DCEB135282}.Release|Any CPU.ActiveCfg = Release|Any CPU
		{8D511EA5-3D73-48EE-8FDA-E0DCEB135282}.Release|Any CPU.Build.0 = Release|Any CPU
		{8D511EA5-3D73-48EE-8FDA-E0DCEB135282}.Release|x64.ActiveCfg = Release|Any CPU
		{8D511EA5-3D73-48EE-8FDA-E0DCEB135282}.Release|x64.Build.0 = Release|Any CPU
		{8D511EA5-3D73-48EE-8FDA-E0DCEB135282}.Release|x86.ActiveCfg = Release|Any CPU
		{8D511EA5-3D73-48EE-8FDA-E0DCEB135282}.Release|x86.Build.0 = Release|Any CPU
	EndGlobalSection
	GlobalSection(SolutionProperties) = preSolution
		HideSolutionNode = FALSE
	EndGlobalSection
	GlobalSection(NestedProjects) = preSolution
		{606BD076-6A00-46B6-A0A6-A31FCC6A61A3} = {827E0CD3-B72D-47B6-A68D-7590B98EB39B}
		{63E26B09-AA66-46C6-8ADC-CE7187A23FC8} = {827E0CD3-B72D-47B6-A68D-7590B98EB39B}
		{70384BDB-3C76-43BE-BEFB-AC8FDD7B7BFB} = {827E0CD3-B72D-47B6-A68D-7590B98EB39B}
		{5FA9F984-345F-4646-8C1B-9DD4DB10FC5D} = {827E0CD3-B72D-47B6-A68D-7590B98EB39B}
		{6A638B85-BAD0-4A7F-BF8E-69C5C304105A} = {0AB3BF05-4346-4AA6-1389-037BE0695223}
		{A27CC0DF-640D-472C-94F5-AB90D18D2754} = {0AB3BF05-4346-4AA6-1389-037BE0695223}
		{8D511EA5-3D73-48EE-8FDA-E0DCEB135282} = {0AB3BF05-4346-4AA6-1389-037BE0695223}
	EndGlobalSection
EndGlobal
